
Microsoft Visual Studio Solution File, Format Version 12.00
Project("{FAE04EC0-301F-11D3-BF4B-00C04F79EFBC}") = "ReferenceService.Api", "ReferenceService.Api\ReferenceService.Api.csproj", "{2E64FF40-9852-4C49-B506-594D264B67CA}"
EndProject
Project("{FAE04EC0-301F-11D3-BF4B-00C04F79EFBC}") = "ReferenceService.Tests", "ReferenceService.Tests\ReferenceService.Tests.csproj", "{7DE85DB1-E203-4D6E-BA54-67B1AF2BCB92}"
EndProject
Global
	GlobalSection(SolutionConfigurationPlatforms) = preSolution
		Debug|Any CPU = Debug|Any CPU
		Release|Any CPU = Release|Any CPU
	EndGlobalSection
	GlobalSection(ProjectConfigurationPlatforms) = postSolution
		{2E64FF40-9852-4C49-B506-594D264B67CA}.Debug|Any CPU.ActiveCfg = Debug|Any CPU
		{2E64FF40-9852-4C49-B506-594D264B67CA}.Debug|Any CPU.Build.0 = Debug|Any CPU
		{2E64FF40-9852-4C49-B506-594D264B67CA}.Release|Any CPU.ActiveCfg = Release|Any CPU
		{2E64FF40-9852-4C49-B506-594D264B67CA}.Release|Any CPU.Build.0 = Release|Any CPU
		{7DE85DB1-E203-4D6E-BA54-67B1AF2BCB92}.Debug|Any CPU.ActiveCfg = Debug|Any CPU
		{7DE85DB1-E203-4D6E-BA54-67B1AF2BCB92}.Debug|Any CPU.Build.0 = Debug|Any CPU
		{7DE85DB1-E203-4D6E-BA54-67B1AF2BCB92}.Release|Any CPU.ActiveCfg = Release|Any CPU
		{7DE85DB1-E203-4D6E-BA54-67B1AF2BCB92}.Release|Any CPU.Build.0 = Release|Any CPU
	EndGlobalSection
EndGlobal
